{
  "name": "campus-treehole-tooling",
  "lockfileVersion": 3,
  "requires": true,
  "packages": {
    "": {
      "name": "campus-treehole-tooling",
      "devDependencies": {
        "@cloudbase/cli": "^3.4.0-beta.0"
      }
    },
    "node_modules/@cloudbase/cli": {
      "version": "3.4.0-beta.0",
      "resolved": "https://registry.npmmirror.com/@cloudbase/cli/-/cli-3.4.0-beta.0.tgz",
      "integrity": "sha512-1CUtAZEML/E4kkb6CQPaQnEY4FSRP5EpVJo57HZva/AfIfVubUgYKwT3gmdOrPBXDar+koebX5ME8cWQ20ELYA==",
      "dev": true,
      "license": "ISC",
      "bin": {
        "cloudbase": "bin/cloudbase",
        "cloudbase-mcp": "bin/cloudbase-mcp",
        "tcb": "bin/tcb"
      }
    }
  }
}
